{
    "_readme": [
        "This file locks the dependencies of your project to a known state",
        "Read more about it at https://getcomposer.org/doc/01-basic-usage.md#composer-lock-the-lock-file",
        "This file is @generated automatically"
    ],
    "hash": "42eb6fc456a0aa2477b88ee3755b9b65",
    "content-hash": "7e7d07c832c28f1bf66d2b42646d990c",
    "packages": [],
    "packages-dev": [],
    "aliases": [],
    "minimum-stability": "stable",
    "stability-flags": [],
    "prefer-stable": false,
    "prefer-lowest": false,
    "platform": {
        "php": ">=5.1.0",
        "ext-curl": "*"
    },
    "platform-dev": []
}
